
Microsoft Visual Studio Solution File, Format Version 12.00
# Visual Studio Version 16
VisualStudioVersion = 16.0.30717.126
MinimumVisualStudioVersion = 10.0.40219.1
Project("{FAE04EC0-301F-11D3-BF4B-00C04F79EFBC}") = "website_Checker_GUI", "website_Checker_GUI.csproj", "{09BFFED8-A335-4812-A413-7ABDE7FFB015}"
EndProject
Global
	GlobalSection(SolutionConfigurationPlatforms) = preSolution
		Debug|Any CPU = Debug|Any CPU
		Release|Any CPU = Release|Any CPU
	EndGlobalSection
	GlobalSection(ProjectConfigurationPlatforms) = postSolution
		{09BFFED8-A335-4812-A413-7ABDE7FFB015}.Debug|Any CPU.ActiveCfg = Debug|Any CPU
		{09BFFED8-A335-4812-A413-7ABDE7FFB015}.Debug|Any CPU.Build.0 = Debug|Any CPU
		{09BFFED8-A335-4812-A413-7ABDE7FFB015}.Release|Any CPU.ActiveCfg = Release|Any CPU
		{09BFFED8-A335-4812-A413-7ABDE7FFB015}.Release|Any CPU.Build.0 = Release|Any CPU
	EndGlobalSection
	GlobalSection(SolutionProperties) = preSolution
		HideSolutionNode = FALSE
	EndGlobalSection
	GlobalSection(ExtensibilityGlobals) = postSolution
		SolutionGuid = {70C508E8-57D7-43DD-ABDF-78AEE8B9319A}
	EndGlobalSection
EndGlobal
